
Microsoft Visual Studio Solution File, Format Version 12.00
# Visual Studio Version 17
VisualStudioVersion = 17.4.33205.214
MinimumVisualStudioVersion = 10.0.40219.1
Project("{2150E333-8FDC-42A3-9474-1A3956D46DE8}") = "01. Infrastructure Sub Layer", "01. Infrastructure Sub Layer", "{DDEE1168-8085-41D0-BF33-CD3A15391C87}"
EndProject
Project("{2150E333-8FDC-42A3-9474-1A3956D46DE8}") = "01. Presentation Layer", "01. Presentation Layer", "{36FD4F43-7A14-4DD8-90BE-8425D64FDC6F}"
EndProject
Project("{2150E333-8FDC-42A3-9474-1A3956D46DE8}") = "Console", "Console", "{5F23738D-3A26-47A6-BDB8-5A4B97CED284}"
EndProject
Project("{2150E333-8FDC-42A3-9474-1A3956D46DE8}") = "Log", "Log", "{026B5FC7-9464-4C11-942E-042C0CC09D80}"
EndProject
Project("{9A19103F-16F7-4668-BE54-9A1E7A4F7556}") = "KSociety.Example.Pre.Console.Log.SinksRabbitMq", "Src\01\01\Console\Log\KSociety.Example.Pre.Console.Log.SinksRabbitMq\KSociety.Example.Pre.Console.Log.SinksRabbitMq.csproj", "{3511A861-17E5-4D01-A84A-D867A0DCF380}"
EndProject
Project("{2150E333-8FDC-42A3-9474-1A3956D46DE8}") = "Solution Items", "Solution Items", "{6EDADCAB-231B-4931-981A-22F592A610A6}"
	ProjectSection(SolutionItems) = preProject
		global.json = global.json
		README.md = README.md
	EndProjectSection
EndProject
Project("{2150E333-8FDC-42A3-9474-1A3956D46DE8}") = "03. Application Layer", "03. Application Layer", "{EF0851F9-15CA-40C2-9811-63A71BF6B01C}"
EndProject
Project("{FAE04EC0-301F-11D3-BF4B-00C04F79EFBC}") = "KSociety.Example.App.Dto", "Src\01\03\KSociety.Example.App.Dto\KSociety.Example.App.Dto.csproj", "{98D184E2-935B-48DE-A87F-B7F7DF0C5473}"
EndProject
Project("{FAE04EC0-301F-11D3-BF4B-00C04F79EFBC}") = "KSociety.Example.App.ReqHdlr", "Src\01\03\KSociety.Example.App.ReqHdlr\KSociety.Example.App.ReqHdlr.csproj", "{428511B1-5F3B-493C-B1AF-83F9B37E4508}"
EndProject
Project("{2150E333-8FDC-42A3-9474-1A3956D46DE8}") = "05. Domain Layer", "05. Domain Layer", "{12CBBC81-EA0B-42F0-BB41-C8937B32F65F}"
EndProject
Project("{FAE04EC0-301F-11D3-BF4B-00C04F79EFBC}") = "KSociety.Example.Domain.Entity", "Src\01\05\KSociety.Example.Domain.Entity\KSociety.Example.Domain.Entity.csproj", "{2D9B3BF9-200B-48F7-9CE7-A3139F2CB815}"
EndProject
Project("{FAE04EC0-301F-11D3-BF4B-00C04F79EFBC}") = "KSociety.Example.Domain.Repository", "Src\01\05\KSociety.Example.Domain.Repository\KSociety.Example.Domain.Repository.csproj", "{B581607C-9D02-411A-AB3C-84865E0D02E7}"
EndProject
Global
	GlobalSection(SolutionConfigurationPlatforms) = preSolution
		Debug|Any CPU = Debug|Any CPU
		Release|Any CPU = Release|Any CPU
	EndGlobalSection
	GlobalSection(ProjectConfigurationPlatforms) = postSolution
		{3511A861-17E5-4D01-A84A-D867A0DCF380}.Debug|Any CPU.ActiveCfg = Debug|Any CPU
		{3511A861-17E5-4D01-A84A-D867A0DCF380}.Debug|Any CPU.Build.0 = Debug|Any CPU
		{3511A861-17E5-4D01-A84A-D867A0DCF380}.Release|Any CPU.ActiveCfg = Release|Any CPU
		{3511A861-17E5-4D01-A84A-D867A0DCF380}.Release|Any CPU.Build.0 = Release|Any CPU
		{98D184E2-935B-48DE-A87F-B7F7DF0C5473}.Debug|Any CPU.ActiveCfg = Debug|Any CPU
		{98D184E2-935B-48DE-A87F-B7F7DF0C5473}.Debug|Any CPU.Build.0 = Debug|Any CPU
		{98D184E2-935B-48DE-A87F-B7F7DF0C5473}.Release|Any CPU.ActiveCfg = Release|Any CPU
		{98D184E2-935B-48DE-A87F-B7F7DF0C5473}.Release|Any CPU.Build.0 = Release|Any CPU
		{428511B1-5F3B-493C-B1AF-83F9B37E4508}.Debug|Any CPU.ActiveCfg = Debug|Any CPU
		{428511B1-5F3B-493C-B1AF-83F9B37E4508}.Debug|Any CPU.Build.0 = Debug|Any CPU
		{428511B1-5F3B-493C-B1AF-83F9B37E4508}.Release|Any CPU.ActiveCfg = Release|Any CPU
		{428511B1-5F3B-493C-B1AF-83F9B37E4508}.Release|Any CPU.Build.0 = Release|Any CPU
		{2D9B3BF9-200B-48F7-9CE7-A3139F2CB815}.Debug|Any CPU.ActiveCfg = Debug|Any CPU
		{2D9B3BF9-200B-48F7-9CE7-A3139F2CB815}.Debug|Any CPU.Build.0 = Debug|Any CPU
		{2D9B3BF9-200B-48F7-9CE7-A3139F2CB815}.Release|Any CPU.ActiveCfg = Release|Any CPU
		{2D9B3BF9-200B-48F7-9CE7-A3139F2CB815}.Release|Any CPU.Build.0 = Release|Any CPU
		{B581607C-9D02-411A-AB3C-84865E0D02E7}.Debug|Any CPU.ActiveCfg = Debug|Any CPU
		{B581607C-9D02-411A-AB3C-84865E0D02E7}.Debug|Any CPU.Build.0 = Debug|Any CPU
		{B581607C-9D02-411A-AB3C-84865E0D02E7}.Release|Any CPU.ActiveCfg = Release|Any CPU
		{B581607C-9D02-411A-AB3C-84865E0D02E7}.Release|Any CPU.Build.0 = Release|Any CPU
	EndGlobalSection
	GlobalSection(SolutionProperties) = preSolution
		HideSolutionNode = FALSE
	EndGlobalSection
	GlobalSection(NestedProjects) = preSolution
		{36FD4F43-7A14-4DD8-90BE-8425D64FDC6F} = {DDEE1168-8085-41D0-BF33-CD3A15391C87}
		{5F23738D-3A26-47A6-BDB8-5A4B97CED284} = {36FD4F43-7A14-4DD8-90BE-8425D64FDC6F}
		{026B5FC7-9464-4C11-942E-042C0CC09D80} = {5F23738D-3A26-47A6-BDB8-5A4B97CED284}
		{3511A861-17E5-4D01-A84A-D867A0DCF380} = {026B5FC7-9464-4C11-942E-042C0CC09D80}
		{EF0851F9-15CA-40C2-9811-63A71BF6B01C} = {DDEE1168-8085-41D0-BF33-CD3A15391C87}
		{98D184E2-935B-48DE-A87F-B7F7DF0C5473} = {EF0851F9-15CA-40C2-9811-63A71BF6B01C}
		{428511B1-5F3B-493C-B1AF-83F9B37E4508} = {EF0851F9-15CA-40C2-9811-63A71BF6B01C}
		{12CBBC81-EA0B-42F0-BB41-C8937B32F65F} = {DDEE1168-8085-41D0-BF33-CD3A15391C87}
		{2D9B3BF9-200B-48F7-9CE7-A3139F2CB815} = {12CBBC81-EA0B-42F0-BB41-C8937B32F65F}
		{B581607C-9D02-411A-AB3C-84865E0D02E7} = {12CBBC81-EA0B-42F0-BB41-C8937B32F65F}
	EndGlobalSection
	GlobalSection(ExtensibilityGlobals) = postSolution
		SolutionGuid = {78D685EE-7786-4618-B38B-2C16915E108D}
	EndGlobalSection
EndGlobal
